
Microsoft Visual Studio Solution File, Format Version 12.00
# Visual Studio 15
VisualStudioVersion = 15.0.28010.2048
MinimumVisualStudioVersion = 10.0.40219.1
Project("{FAE04EC0-301F-11D3-BF4B-00C04F79EFBC}") = "Rias-proj", "Rias-proj\Rias-proj.csproj", "{3FA3DBCC-C7BB-4D72-A77B-444DE4CF28F8}"
EndProject
Global
	GlobalSection(SolutionConfigurationPlatforms) = preSolution
		Debug|Any CPU = Debug|Any CPU
		Release|Any CPU = Release|Any CPU
	EndGlobalSection
	GlobalSection(ProjectConfigurationPlatforms) = postSolution
		{3FA3DBCC-C7BB-4D72-A77B-444DE4CF28F8}.Debug|Any CPU.ActiveCfg = Debug|Any CPU
		{3FA3DBCC-C7BB-4D72-A77B-444DE4CF28F8}.Debug|Any CPU.Build.0 = Debug|Any CPU
		{3FA3DBCC-C7BB-4D72-A77B-444DE4CF28F8}.Release|Any CPU.ActiveCfg = Release|Any CPU
		{3FA3DBCC-C7BB-4D72-A77B-444DE4CF28F8}.Release|Any CPU.Build.0 = Release|Any CPU
	EndGlobalSection
	GlobalSection(SolutionProperties) = preSolution
		HideSolutionNode = FALSE
	EndGlobalSection
	GlobalSection(ExtensibilityGlobals) = postSolution
		SolutionGuid = {B5B04CC3-06DA-46F0-B0F9-1FC594D6AD34}
	EndGlobalSection
EndGlobal
